PATH
  remote: ..
  specs:
    gizzard (0.6.0)
      activerecord (>= 5.2)
      activesupport (>= 5.2)

GEM
  remote: https://rubygems.org/
  specs:
    activemodel (6.1.5)
      activesupport (= 6.1.5)
    activerecord (6.1.5)
      activemodel (= 6.1.5)
      activesupport (= 6.1.5)
    activesupport (6.1.5)
      concurrent-ruby (~> 1.0, >= 1.0.2)
      i18n (>= 1.6, < 2)
      minitest (>= 5.1)
      tzinfo (~> 2.0)
      zeitwerk (~> 2.3)
    appraisal (2.4.1)
      bundler
      rake
      thor (>= 0.14.0)
    concurrent-ruby (1.1.10)
    database_cleaner-active_record (2.0.1)
      activerecord (>= 5.a)
      database_cleaner-core (~> 2.0.0)
    database_cleaner-core (2.0.1)
    diff-lcs (1.5.0)
    diffy (3.4.0)
    i18n (1.10.0)
      concurrent-ruby (~> 1.0)
    minitest (5.15.0)
    mysql2 (0.5.3)
    psych (3.3.2)
    rake (13.0.6)
    ridgepole (1.0.4)
      activerecord (>= 5.1, < 7.1)
      diffy
    rspec (3.11.0)
      rspec-core (~> 3.11.0)
      rspec-expectations (~> 3.11.0)
      rspec-mocks (~> 3.11.0)
    rspec-core (3.11.0)
      rspec-support (~> 3.11.0)
    rspec-expectations (3.11.0)
      diff-lcs (>= 1.2.0, < 2.0)
      rspec-support (~> 3.11.0)
    rspec-mocks (3.11.1)
      diff-lcs (>= 1.2.0, < 2.0)
      rspec-support (~> 3.11.0)
    rspec-support (3.11.0)
    standalone_activerecord_boot_loader (0.1.0)
      activerecord
      zeitwerk
    thor (1.2.1)
    tzinfo (2.0.4)
      concurrent-ruby (~> 1.0)
    zeitwerk (2.5.4)

PLATFORMS
  arm64-darwin-21

DEPENDENCIES
  activerecord (~> 6.1)
  appraisal
  bundler
  database_cleaner-active_record
  gizzard!
  mysql2
  psych (~> 3.1)
  rake (>= 12.3.3)
  ridgepole
  rspec (~> 3.0)
  standalone_activerecord_boot_loader

BUNDLED WITH
   2.2.30
